<?xml version="1.0" encoding="utf-8"?>
<Project ToolsVersion="4.0" xmlns="http://schemas.microsoft.com/developer/msbuild/2003">
  <ItemGroup>
    <Filter Include="源文件">
      <UniqueIdentifier>{4FC737F1-C7A5-4376-A066-2A32D752A2FF}</UniqueIdentifier>
      <Extensions>cpp;c;cc;cxx;c++;cppm;ixx;def;odl;idl;hpj;bat;asm;asmx</Extensions>
    </Filter>
    <Filter Include="头文件">
      <UniqueIdentifier>{93995380-89BD-4b04-88EB-625FBE52EBFB}</UniqueIdentifier>
      <Extensions>h;hh;hpp;hxx;h++;hm;inl;inc;ipp;xsd</Extensions>
    </Filter>
    <Filter Include="资源文件">
      <UniqueIdentifier>{67DA6AB6-F800-4c08-8B7A-83BB121AAD01}</UniqueIdentifier>
      <Extensions>rc;ico;cur;bmp;dlg;rc2;rct;bin;rgs;gif;jpg;jpeg;jpe;resx;tiff;tif;png;wav;mfcribbon-ms</Extensions>
    </Filter>
  </ItemGroup>
  <ItemGroup>
    <ClCompile Include="src\Application.cpp">
      <Filter>源文件</Filter>
    </ClCompile>
    <ClCompile Include="vendor\glad.c">
      <Filter>源文件</Filter>
    </ClCompile>
    <ClCompile Include="vendor\stb_image.cpp">
      <Filter>源文件</Filter>
    </ClCompile>
    <ClCompile Include="src\graphics\texture\Texture.cpp">
      <Filter>源文件</Filter>
    </ClCompile>
    <ClCompile Include="src\graphics\texture\TextureLoader.cpp">
      <Filter>源文件</Filter>
    </ClCompile>
    <ClCompile Include="src\graphics\texture\Cubemap.cpp">
      <Filter>源文件</Filter>
    </ClCompile>
    <ClCompile Include="src\platform\opengl\FrameBuffer.cpp">
      <Filter>源文件</Filter>
    </ClCompile>
    <ClCompile Include="src\platform\opengl\GBuffer.cpp">
      <Filter>源文件</Filter>
    </ClCompile>
    <ClCompile Include="src\graphics\Skybox.cpp">
      <Filter>源文件</Filter>
    </ClCompile>
    <ClCompile Include="src\graphics\Camera.cpp">
      <Filter>源文件</Filter>
    </ClCompile>
    <ClCompile Include="src\graphics\Shader.cpp">
      <Filter>源文件</Filter>
    </ClCompile>
    <ClCompile Include="src\graphics\model\Material.cpp">
      <Filter>源文件</Filter>
    </ClCompile>
    <ClCompile Include="src\graphics\model\Mesh.cpp">
      <Filter>源文件</Filter>
    </ClCompile>
    <ClCompile Include="src\graphics\model\Model.cpp">
      <Filter>源文件</Filter>
    </ClCompile>
    <ClCompile Include="src\graphics\model\shapes\Cube.cpp">
      <Filter>源文件</Filter>
    </ClCompile>
    <ClCompile Include="src\platform\window\InputManager.cpp">
      <Filter>源文件</Filter>
    </ClCompile>
    <ClCompile Include="src\platform\window\WindowManager.cpp">
      <Filter>源文件</Filter>
    </ClCompile>
    <ClCompile Include="src\graphics\model\shapes\Quad.cpp">
      <Filter>源文件</Filter>
    </ClCompile>
    <ClCompile Include="src\graphics\model\shapes\Sphere.cpp">
      <Filter>源文件</Filter>
    </ClCompile>
    <ClCompile Include="src\graphics\Scene.cpp">
      <Filter>源文件</Filter>
    </ClCompile>
    <ClCompile Include="src\graphics\light\BaseLight.cpp">
      <Filter>源文件</Filter>
    </ClCompile>
    <ClCompile Include="src\graphics\light\DirectionalLight.cpp">
      <Filter>源文件</Filter>
    </ClCompile>
    <ClCompile Include="src\graphics\light\PointLight.cpp">
      <Filter>源文件</Filter>
    </ClCompile>
    <ClCompile Include="src\graphics\light\SpotLight.cpp">
      <Filter>源文件</Filter>
    </ClCompile>
    <ClCompile Include="src\graphics\light\LightManager.cpp">
      <Filter>源文件</Filter>
    </ClCompile>
    <ClCompile Include="src\graphics\renderer\ModelRenderer.cpp">
      <Filter>源文件</Filter>
    </ClCompile>
    <ClCompile Include="src\graphics\renderer\renderpass\RenderPass.cpp">
      <Filter>源文件</Filter>
    </ClCompile>
    <ClCompile Include="src\graphics\renderer\renderpass\common\ShadowmapPass.cpp">
      <Filter>源文件</Filter>
    </ClCompile>
    <ClCompile Include="src\graphics\renderer\renderpass\forward\ForwardLightingPass.cpp">
      <Filter>源文件</Filter>
    </ClCompile>
    <ClCompile Include="src\graphics\renderer\renderpass\deferred\DeferredLightingPass.cpp">
      <Filter>源文件</Filter>
    </ClCompile>
    <ClCompile Include="src\graphics\renderer\renderpass\deferred\DeferredGeometryPass.cpp">
      <Filter>源文件</Filter>
    </ClCompile>
    <ClCompile Include="src\graphics\renderer\renderpass\postprocess\SSRPass.cpp">
      <Filter>源文件</Filter>
    </ClCompile>
    <ClCompile Include="src\graphics\renderer\renderpass\postprocess\PassThroughPass.cpp">
      <Filter>源文件</Filter>
    </ClCompile>
    <ClCompile Include="src\graphics\renderer\renderpass\postprocess\FXAAPass.cpp">
      <Filter>源文件</Filter>
    </ClCompile>
    <ClCompile Include="src\graphics\renderer\RenderPassManager.cpp">
      <Filter>源文件</Filter>
    </ClCompile>
  </ItemGroup>
  <ItemGroup>
    <ClInclude Include="vendor\stb_image.h">
      <Filter>头文件</Filter>
    </ClInclude>
    <ClInclude Include="src\macros.h">
      <Filter>头文件</Filter>
    </ClInclude>
    <ClInclude Include="src\graphics\texture\Texture.h">
      <Filter>头文件</Filter>
    </ClInclude>
    <ClInclude Include="src\graphics\texture\TextureLoader.h">
      <Filter>头文件</Filter>
    </ClInclude>
    <ClInclude Include="src\graphics\texture\Cubemap.h">
      <Filter>头文件</Filter>
    </ClInclude>
    <ClInclude Include="src\platform\opengl\FrameBuffer.h">
      <Filter>头文件</Filter>
    </ClInclude>
    <ClInclude Include="src\platform\opengl\GBuffer.h">
      <Filter>头文件</Filter>
    </ClInclude>
    <ClInclude Include="src\graphics\Skybox.h">
      <Filter>头文件</Filter>
    </ClInclude>
    <ClInclude Include="src\graphics\Camera.h">
      <Filter>头文件</Filter>
    </ClInclude>
    <ClInclude Include="src\graphics\Shader.h">
      <Filter>头文件</Filter>
    </ClInclude>
    <ClInclude Include="src\graphics\model\Material.h">
      <Filter>头文件</Filter>
    </ClInclude>
    <ClInclude Include="src\graphics\model\Mesh.h">
      <Filter>头文件</Filter>
    </ClInclude>
    <ClInclude Include="src\graphics\model\Model.h">
      <Filter>头文件</Filter>
    </ClInclude>
    <ClInclude Include="src\graphics\model\shapes\Cube.h">
      <Filter>头文件</Filter>
    </ClInclude>
    <ClInclude Include="src\platform\window\InputManager.h">
      <Filter>头文件</Filter>
    </ClInclude>
    <ClInclude Include="src\platform\window\WindowManager.h">
      <Filter>头文件</Filter>
    </ClInclude>
    <ClInclude Include="src\graphics\model\shapes\Quad.h">
      <Filter>头文件</Filter>
    </ClInclude>
    <ClInclude Include="src\graphics\model\shapes\Sphere.h">
      <Filter>头文件</Filter>
    </ClInclude>
    <ClInclude Include="src\graphics\Scene.h">
      <Filter>头文件</Filter>
    </ClInclude>
    <ClInclude Include="src\graphics\light\BaseLight.h">
      <Filter>头文件</Filter>
    </ClInclude>
    <ClInclude Include="src\graphics\light\DirectionalLight.h">
      <Filter>头文件</Filter>
    </ClInclude>
    <ClInclude Include="src\graphics\light\PointLight.h">
      <Filter>头文件</Filter>
    </ClInclude>
    <ClInclude Include="src\graphics\light\SpotLight.h">
      <Filter>头文件</Filter>
    </ClInclude>
    <ClInclude Include="src\graphics\light\LightManager.h">
      <Filter>头文件</Filter>
    </ClInclude>
    <ClInclude Include="src\graphics\renderer\ModelRenderer.h">
      <Filter>头文件</Filter>
    </ClInclude>
    <ClInclude Include="src\graphics\renderer\renderpass\RenderPass.h">
      <Filter>头文件</Filter>
    </ClInclude>
    <ClInclude Include="src\graphics\renderer\renderpass\common\ShadowmapPass.h">
      <Filter>头文件</Filter>
    </ClInclude>
    <ClInclude Include="src\graphics\renderer\renderpass\forward\ForwardLightingPass.h">
      <Filter>头文件</Filter>
    </ClInclude>
    <ClInclude Include="src\graphics\renderer\renderpass\deferred\DeferredLightingPass.h">
      <Filter>头文件</Filter>
    </ClInclude>
    <ClInclude Include="src\graphics\renderer\renderpass\deferred\DeferredGeometryPass.h">
      <Filter>头文件</Filter>
    </ClInclude>
    <ClInclude Include="src\graphics\renderer\renderpass\postprocess\SSRPass.h">
      <Filter>头文件</Filter>
    </ClInclude>
    <ClInclude Include="src\graphics\renderer\renderpass\postprocess\PassThroughPass.h">
      <Filter>头文件</Filter>
    </ClInclude>
    <ClInclude Include="src\graphics\renderer\renderpass\postprocess\FXAAPass.h">
      <Filter>头文件</Filter>
    </ClInclude>
    <ClInclude Include="src\graphics\renderer\RenderPassManager.h">
      <Filter>头文件</Filter>
    </ClInclude>
    <ClInclude Include="vendor\stb_image_write.h">
      <Filter>头文件</Filter>
    </ClInclude>
  </ItemGroup>
</Project>